
Microsoft Visual Studio Solution File, Format Version 12.00
# Visual Studio 2013
Project("{FAE04EC0-301F-11D3-BF4B-00C04F79EFBC}") = "UnityVS.Floor is Lava prototype.CSharp.Plugins", "UnityVS.Floor is Lava prototype.CSharp.Plugins.csproj", "{9F66719A-69EA-EE99-22A1-A7F894346907}"
EndProject
Project("{FAE04EC0-301F-11D3-BF4B-00C04F79EFBC}") = "UnityVS.Floor is Lava prototype.CSharp", "UnityVS.Floor is Lava prototype.CSharp.csproj", "{48A8C90B-D1C4-1A63-07F3-492A7FA30658}"
EndProject
Project("{FAE04EC0-301F-11D3-BF4B-00C04F79EFBC}") = "UnityVS.Floor is Lava prototype.CSharp.Editor", "UnityVS.Floor is Lava prototype.CSharp.Editor.csproj", "{05821631-6F36-CDEC-1DBB-676347F9149B}"
EndProject
Global
	GlobalSection(SolutionConfigurationPlatforms) = preSolution
		Debug|Any CPU = Debug|Any CPU
		Release|Any CPU = Release|Any CPU
	EndGlobalSection
	GlobalSection(ProjectConfigurationPlatforms) = postSolution
		{9F66719A-69EA-EE99-22A1-A7F894346907}.Debug|Any CPU.ActiveCfg = Debug|Any CPU
		{9F66719A-69EA-EE99-22A1-A7F894346907}.Debug|Any CPU.Build.0 = Debug|Any CPU
		{9F66719A-69EA-EE99-22A1-A7F894346907}.Release|Any CPU.ActiveCfg = Release|Any CPU
		{9F66719A-69EA-EE99-22A1-A7F894346907}.Release|Any CPU.Build.0 = Release|Any CPU
		{48A8C90B-D1C4-1A63-07F3-492A7FA30658}.Debug|Any CPU.ActiveCfg = Debug|Any CPU
		{48A8C90B-D1C4-1A63-07F3-492A7FA30658}.Debug|Any CPU.Build.0 = Debug|Any CPU
		{48A8C90B-D1C4-1A63-07F3-492A7FA30658}.Release|Any CPU.ActiveCfg = Release|Any CPU
		{48A8C90B-D1C4-1A63-07F3-492A7FA30658}.Release|Any CPU.Build.0 = Release|Any CPU
		{05821631-6F36-CDEC-1DBB-676347F9149B}.Debug|Any CPU.ActiveCfg = Debug|Any CPU
		{05821631-6F36-CDEC-1DBB-676347F9149B}.Debug|Any CPU.Build.0 = Debug|Any CPU
		{05821631-6F36-CDEC-1DBB-676347F9149B}.Release|Any CPU.ActiveCfg = Release|Any CPU
		{05821631-6F36-CDEC-1DBB-676347F9149B}.Release|Any CPU.Build.0 = Release|Any CPU
	EndGlobalSection
	GlobalSection(SolutionProperties) = preSolution
		HideSolutionNode = FALSE
	EndGlobalSection
EndGlobal
